{
  "name": "fetec-news",
  "version": "1.0.0",
  "lockfileVersion": 1,
  "requires": true,
  "dependencies": {
    "@date-io/core": {
      "version": "1.3.13",
      "resolved": "https://registry.npmjs.org/@date-io/core/-/core-1.3.13.tgz",
      "integrity": "sha512-AlEKV7TxjeK+jxWVKcCFrfYAk8spX9aCyiToFIiLPtfQbsjmRGLIhb5VZgptQcJdHtLXo7+m0DuurwFgUToQuA=="
    },
    "@date-io/date-fns": {
      "version": "1.3.13",
      "resolved": "https://registry.npmjs.org/@date-io/date-fns/-/date-fns-1.3.13.tgz",
      "integrity": "sha512-yXxGzcRUPcogiMj58wVgFjc9qUYrCnnU9eLcyNbsQCmae4jPuZCDoIBR21j8ZURsM7GRtU62VOw5yNd4dDHunA==",
      "requires": {
        "@date-io/core": "^1.3.13"
      }
    },
    "date-fns": {
      "version": "2.0.0-beta.5",
      "resolved": "https://registry.npmjs.org/date-fns/-/date-fns-2.0.0-beta.5.tgz",
      "integrity": "sha512-GS5yi964NDFNoja9yOdWFj9T97T67yLrUeJZgddHaVfc/6tHWtX7RXocuubmZkNzrZUZ9BqBOW7jTR5OoWjJ1w=="
    }
  }
}
